
Microsoft Visual Studio Solution File, Format Version 12.00
# Visual Studio Version 16
VisualStudioVersion = 16.0.30114.105
MinimumVisualStudioVersion = 10.0.40219.1
Project("{FAE04EC0-301F-11D3-BF4B-00C04F79EFBC}") = "LogicBoolean", "LogicBoolean\LogicBoolean.csproj", "{A5CD31EC-34F8-4840-BA4B-BD91A2BC479D}"
EndProject
Global
	GlobalSection(SolutionConfigurationPlatforms) = preSolution
		Debug|Any CPU = Debug|Any CPU
		Release|Any CPU = Release|Any CPU
	EndGlobalSection
	GlobalSection(ProjectConfigurationPlatforms) = postSolution
		{A5CD31EC-34F8-4840-BA4B-BD91A2BC479D}.Debug|Any CPU.ActiveCfg = Debug|Any CPU
		{A5CD31EC-34F8-4840-BA4B-BD91A2BC479D}.Debug|Any CPU.Build.0 = Debug|Any CPU
		{A5CD31EC-34F8-4840-BA4B-BD91A2BC479D}.Release|Any CPU.ActiveCfg = Release|Any CPU
		{A5CD31EC-34F8-4840-BA4B-BD91A2BC479D}.Release|Any CPU.Build.0 = Release|Any CPU
	EndGlobalSection
	GlobalSection(SolutionProperties) = preSolution
		HideSolutionNode = FALSE
	EndGlobalSection
	GlobalSection(ExtensibilityGlobals) = postSolution
		SolutionGuid = {6E6C3B2A-AC74-4A63-8064-21E207713B32}
	EndGlobalSection
EndGlobal
