
Microsoft Visual Studio Solution File, Format Version 12.00
# Visual Studio Version 16
VisualStudioVersion = 16.0.30114.105
MinimumVisualStudioVersion = 10.0.40219.1
Project("{FAE04EC0-301F-11D3-BF4B-00C04F79EFBC}") = "Report", "Report\Report.csproj", "{D1E5127B-6332-4DFF-A46D-F0708C5E6C60}"
EndProject
Global
	GlobalSection(SolutionConfigurationPlatforms) = preSolution
		Debug|Any CPU = Debug|Any CPU
		Release|Any CPU = Release|Any CPU
	EndGlobalSection
	GlobalSection(ProjectConfigurationPlatforms) = postSolution
		{D1E5127B-6332-4DFF-A46D-F0708C5E6C60}.Debug|Any CPU.ActiveCfg = Debug|Any CPU
		{D1E5127B-6332-4DFF-A46D-F0708C5E6C60}.Debug|Any CPU.Build.0 = Debug|Any CPU
		{D1E5127B-6332-4DFF-A46D-F0708C5E6C60}.Release|Any CPU.ActiveCfg = Release|Any CPU
		{D1E5127B-6332-4DFF-A46D-F0708C5E6C60}.Release|Any CPU.Build.0 = Release|Any CPU
	EndGlobalSection
	GlobalSection(SolutionProperties) = preSolution
		HideSolutionNode = FALSE
	EndGlobalSection
	GlobalSection(ExtensibilityGlobals) = postSolution
		SolutionGuid = {6C0BC616-9C2D-44CA-9FD2-5C02F8FD9598}
	EndGlobalSection
EndGlobal
