
Microsoft Visual Studio Solution File, Format Version 12.00
# Visual Studio Version 16
VisualStudioVersion = 16.0.30114.105
MinimumVisualStudioVersion = 10.0.40219.1
Project("{FAE04EC0-301F-11D3-BF4B-00C04F79EFBC}") = "Hello World", "Hello World\Hello World.csproj", "{3250F6FE-73FA-4A57-AA56-4133B0C55475}"
EndProject
Global
	GlobalSection(SolutionConfigurationPlatforms) = preSolution
		Debug|Any CPU = Debug|Any CPU
		Release|Any CPU = Release|Any CPU
	EndGlobalSection
	GlobalSection(ProjectConfigurationPlatforms) = postSolution
		{3250F6FE-73FA-4A57-AA56-4133B0C55475}.Debug|Any CPU.ActiveCfg = Debug|Any CPU
		{3250F6FE-73FA-4A57-AA56-4133B0C55475}.Debug|Any CPU.Build.0 = Debug|Any CPU
		{3250F6FE-73FA-4A57-AA56-4133B0C55475}.Release|Any CPU.ActiveCfg = Release|Any CPU
		{3250F6FE-73FA-4A57-AA56-4133B0C55475}.Release|Any CPU.Build.0 = Release|Any CPU
	EndGlobalSection
	GlobalSection(SolutionProperties) = preSolution
		HideSolutionNode = FALSE
	EndGlobalSection
	GlobalSection(ExtensibilityGlobals) = postSolution
		SolutionGuid = {57ED4000-76B3-47DB-B8AD-9F345FE25AB0}
	EndGlobalSection
EndGlobal
