
Microsoft Visual Studio Solution File, Format Version 12.00
# Visual Studio Version 16
VisualStudioVersion = 16.0.30114.105
MinimumVisualStudioVersion = 10.0.40219.1
Project("{FAE04EC0-301F-11D3-BF4B-00C04F79EFBC}") = "ArrayLists", "ArrayLists\ArrayLists.csproj", "{21BB18CC-4C65-4539-B7E1-6A32EDB1142C}"
EndProject
Global
	GlobalSection(SolutionConfigurationPlatforms) = preSolution
		Debug|Any CPU = Debug|Any CPU
		Release|Any CPU = Release|Any CPU
	EndGlobalSection
	GlobalSection(ProjectConfigurationPlatforms) = postSolution
		{21BB18CC-4C65-4539-B7E1-6A32EDB1142C}.Debug|Any CPU.ActiveCfg = Debug|Any CPU
		{21BB18CC-4C65-4539-B7E1-6A32EDB1142C}.Debug|Any CPU.Build.0 = Debug|Any CPU
		{21BB18CC-4C65-4539-B7E1-6A32EDB1142C}.Release|Any CPU.ActiveCfg = Release|Any CPU
		{21BB18CC-4C65-4539-B7E1-6A32EDB1142C}.Release|Any CPU.Build.0 = Release|Any CPU
	EndGlobalSection
	GlobalSection(SolutionProperties) = preSolution
		HideSolutionNode = FALSE
	EndGlobalSection
	GlobalSection(ExtensibilityGlobals) = postSolution
		SolutionGuid = {FE18DF2F-0CC2-40A3-BA90-F288A6EFE3D5}
	EndGlobalSection
EndGlobal
