
Microsoft Visual Studio Solution File, Format Version 12.00
# Visual Studio Version 16
VisualStudioVersion = 16.0.30114.105
MinimumVisualStudioVersion = 10.0.40219.1
Project("{FAE04EC0-301F-11D3-BF4B-00C04F79EFBC}") = "FileAssign", "FileAssign\FileAssign.csproj", "{765485FB-77AF-4FF9-A7FA-71489FAA618C}"
EndProject
Global
	GlobalSection(SolutionConfigurationPlatforms) = preSolution
		Debug|Any CPU = Debug|Any CPU
		Release|Any CPU = Release|Any CPU
	EndGlobalSection
	GlobalSection(ProjectConfigurationPlatforms) = postSolution
		{765485FB-77AF-4FF9-A7FA-71489FAA618C}.Debug|Any CPU.ActiveCfg = Debug|Any CPU
		{765485FB-77AF-4FF9-A7FA-71489FAA618C}.Debug|Any CPU.Build.0 = Debug|Any CPU
		{765485FB-77AF-4FF9-A7FA-71489FAA618C}.Release|Any CPU.ActiveCfg = Release|Any CPU
		{765485FB-77AF-4FF9-A7FA-71489FAA618C}.Release|Any CPU.Build.0 = Release|Any CPU
	EndGlobalSection
	GlobalSection(SolutionProperties) = preSolution
		HideSolutionNode = FALSE
	EndGlobalSection
	GlobalSection(ExtensibilityGlobals) = postSolution
		SolutionGuid = {18D72F28-8032-437D-BE67-85CD7797D980}
	EndGlobalSection
EndGlobal
