
Microsoft Visual Studio Solution File, Format Version 12.00
# Visual Studio Version 16
VisualStudioVersion = 16.0.30114.105
MinimumVisualStudioVersion = 10.0.40219.1
Project("{FAE04EC0-301F-11D3-BF4B-00C04F79EFBC}") = "ExceptionHandling", "ExceptionHandling\ExceptionHandling.csproj", "{57C74558-43F6-402C-9030-66938F612393}"
EndProject
Global
	GlobalSection(SolutionConfigurationPlatforms) = preSolution
		Debug|Any CPU = Debug|Any CPU
		Release|Any CPU = Release|Any CPU
	EndGlobalSection
	GlobalSection(ProjectConfigurationPlatforms) = postSolution
		{57C74558-43F6-402C-9030-66938F612393}.Debug|Any CPU.ActiveCfg = Debug|Any CPU
		{57C74558-43F6-402C-9030-66938F612393}.Debug|Any CPU.Build.0 = Debug|Any CPU
		{57C74558-43F6-402C-9030-66938F612393}.Release|Any CPU.ActiveCfg = Release|Any CPU
		{57C74558-43F6-402C-9030-66938F612393}.Release|Any CPU.Build.0 = Release|Any CPU
	EndGlobalSection
	GlobalSection(SolutionProperties) = preSolution
		HideSolutionNode = FALSE
	EndGlobalSection
	GlobalSection(ExtensibilityGlobals) = postSolution
		SolutionGuid = {6D2A1031-B7FC-4D9B-9A69-54CDC295D6A3}
	EndGlobalSection
EndGlobal
