
Microsoft Visual Studio Solution File, Format Version 12.00
# Visual Studio Version 16
VisualStudioVersion = 16.0.30114.105
MinimumVisualStudioVersion = 10.0.40219.1
Project("{FAE04EC0-301F-11D3-BF4B-00C04F79EFBC}") = "ObjectAssigment1", "ObjectAssigment1\ObjectAssigment1.csproj", "{F0D6A113-F80A-4B4F-BB52-C80CBAB540BA}"
EndProject
Global
	GlobalSection(SolutionConfigurationPlatforms) = preSolution
		Debug|Any CPU = Debug|Any CPU
		Release|Any CPU = Release|Any CPU
	EndGlobalSection
	GlobalSection(ProjectConfigurationPlatforms) = postSolution
		{F0D6A113-F80A-4B4F-BB52-C80CBAB540BA}.Debug|Any CPU.ActiveCfg = Debug|Any CPU
		{F0D6A113-F80A-4B4F-BB52-C80CBAB540BA}.Debug|Any CPU.Build.0 = Debug|Any CPU
		{F0D6A113-F80A-4B4F-BB52-C80CBAB540BA}.Release|Any CPU.ActiveCfg = Release|Any CPU
		{F0D6A113-F80A-4B4F-BB52-C80CBAB540BA}.Release|Any CPU.Build.0 = Release|Any CPU
	EndGlobalSection
	GlobalSection(SolutionProperties) = preSolution
		HideSolutionNode = FALSE
	EndGlobalSection
	GlobalSection(ExtensibilityGlobals) = postSolution
		SolutionGuid = {8C70C7EC-AAD3-4AE4-958E-A7E483D2044D}
	EndGlobalSection
EndGlobal
