
Microsoft Visual Studio Solution File, Format Version 12.00
# Visual Studio Version 16
VisualStudioVersion = 16.0.30114.105
MinimumVisualStudioVersion = 10.0.40219.1
Project("{FAE04EC0-301F-11D3-BF4B-00C04F79EFBC}") = "DATATIME", "DATATIME\DATATIME.csproj", "{1C1D743B-7FC4-4033-9157-F8111014BFE0}"
EndProject
Global
	GlobalSection(SolutionConfigurationPlatforms) = preSolution
		Debug|Any CPU = Debug|Any CPU
		Release|Any CPU = Release|Any CPU
	EndGlobalSection
	GlobalSection(ProjectConfigurationPlatforms) = postSolution
		{1C1D743B-7FC4-4033-9157-F8111014BFE0}.Debug|Any CPU.ActiveCfg = Debug|Any CPU
		{1C1D743B-7FC4-4033-9157-F8111014BFE0}.Debug|Any CPU.Build.0 = Debug|Any CPU
		{1C1D743B-7FC4-4033-9157-F8111014BFE0}.Release|Any CPU.ActiveCfg = Release|Any CPU
		{1C1D743B-7FC4-4033-9157-F8111014BFE0}.Release|Any CPU.Build.0 = Release|Any CPU
	EndGlobalSection
	GlobalSection(SolutionProperties) = preSolution
		HideSolutionNode = FALSE
	EndGlobalSection
	GlobalSection(ExtensibilityGlobals) = postSolution
		SolutionGuid = {59C44224-48FE-42BF-922D-2CCCF7C64CEB}
	EndGlobalSection
EndGlobal
