
Microsoft Visual Studio Solution File, Format Version 12.00
# Visual Studio Version 16
VisualStudioVersion = 16.0.30114.105
MinimumVisualStudioVersion = 10.0.40219.1
Project("{FAE04EC0-301F-11D3-BF4B-00C04F79EFBC}") = "Assignment1to7", "Assignment1to7\Assignment1to7.csproj", "{0A172E0B-CCF2-4C95-97FD-5A98069AD7E5}"
EndProject
Global
	GlobalSection(SolutionConfigurationPlatforms) = preSolution
		Debug|Any CPU = Debug|Any CPU
		Release|Any CPU = Release|Any CPU
	EndGlobalSection
	GlobalSection(ProjectConfigurationPlatforms) = postSolution
		{0A172E0B-CCF2-4C95-97FD-5A98069AD7E5}.Debug|Any CPU.ActiveCfg = Debug|Any CPU
		{0A172E0B-CCF2-4C95-97FD-5A98069AD7E5}.Debug|Any CPU.Build.0 = Debug|Any CPU
		{0A172E0B-CCF2-4C95-97FD-5A98069AD7E5}.Release|Any CPU.ActiveCfg = Release|Any CPU
		{0A172E0B-CCF2-4C95-97FD-5A98069AD7E5}.Release|Any CPU.Build.0 = Release|Any CPU
	EndGlobalSection
	GlobalSection(SolutionProperties) = preSolution
		HideSolutionNode = FALSE
	EndGlobalSection
	GlobalSection(ExtensibilityGlobals) = postSolution
		SolutionGuid = {3E7BABF2-7635-4CFA-81AA-9D2575283115}
	EndGlobalSection
EndGlobal
